
Microsoft Visual Studio Solution File, Format Version 12.00
# Visual Studio 15
VisualStudioVersion = 15.0.27428.2037
MinimumVisualStudioVersion = 10.0.40219.1
Project("{FAE04EC0-301F-11D3-BF4B-00C04F79EFBC}") = "SmartAdminMvc", "webapp\SmartAdminMvc.csproj", "{24CA74F5-6AF8-4C67-AC79-3E648ECBEA68}"
EndProject
Project("{FAE04EC0-301F-11D3-BF4B-00C04F79EFBC}") = "GSTR2Download", "GSTR2Download\GSTR2Download.csproj", "{83FF9ECF-5644-454F-889B-871751F3C442}"
EndProject
Project("{FAE04EC0-301F-11D3-BF4B-00C04F79EFBC}") = "GSTR1Download", "GSTR1Download\GSTR1Download.csproj", "{C8679547-956F-476B-8AB7-3D96074A1471}"
EndProject
Project("{FAE04EC0-301F-11D3-BF4B-00C04F79EFBC}") = "GSTR1ADownload", "GSTR1ADownload\GSTR1ADownload.csproj", "{4639E290-9675-4D24-A7B0-D85A1F46065C}"
EndProject
Project("{FAE04EC0-301F-11D3-BF4B-00C04F79EFBC}") = "GSTR2ADownload", "GSTR2ADownload\GSTR2ADownload.csproj", "{777BB6FE-494A-4295-9B7A-7AE3CDECCBE3}"
EndProject
Project("{FAE04EC0-301F-11D3-BF4B-00C04F79EFBC}") = "GSTR1Save", "GSTR1Save\GSTR1Save.csproj", "{F717AF71-DB75-405B-A705-EBC830BD99AF}"
EndProject
Project("{FAE04EC0-301F-11D3-BF4B-00C04F79EFBC}") = "WeP_DAL", "WeP_DAL\WeP_DAL.csproj", "{EDF5B45E-AA5C-4EAE-A0BC-0D416375470A}"
EndProject
Project("{FAE04EC0-301F-11D3-BF4B-00C04F79EFBC}") = "WeP_EWayBill", "WeP_EWayBill\WeP_EWayBill.csproj", "{35E6EAF8-A666-46F5-B993-92FBDEE0C9C4}"
EndProject
Project("{FAE04EC0-301F-11D3-BF4B-00C04F79EFBC}") = "WeP_BAL", "WeP_BAL\WeP_BAL.csproj", "{1C42F861-1181-4409-A88C-F05B599F6BE5}"
EndProject
Project("{FAE04EC0-301F-11D3-BF4B-00C04F79EFBC}") = "WeP_GSTN", "WeP_GSTN\WeP_GSTN.csproj", "{7D018F00-8836-4FFE-BBFB-A2C83A2817E3}"
EndProject
Global
	GlobalSection(SolutionConfigurationPlatforms) = preSolution
		Debug|Any CPU = Debug|Any CPU
		Debug|ARM = Debug|ARM
		Debug|x64 = Debug|x64
		Debug|x86 = Debug|x86
		Release|Any CPU = Release|Any CPU
		Release|ARM = Release|ARM
		Release|x64 = Release|x64
		Release|x86 = Release|x86
	EndGlobalSection
	GlobalSection(ProjectConfigurationPlatforms) = postSolution
		{24CA74F5-6AF8-4C67-AC79-3E648ECBEA68}.Debug|Any CPU.ActiveCfg = Debug|Any CPU
		{24CA74F5-6AF8-4C67-AC79-3E648ECBEA68}.Debug|Any CPU.Build.0 = Debug|Any CPU
		{24CA74F5-6AF8-4C67-AC79-3E648ECBEA68}.Debug|ARM.ActiveCfg = Debug|Any CPU
		{24CA74F5-6AF8-4C67-AC79-3E648ECBEA68}.Debug|ARM.Build.0 = Debug|Any CPU
		{24CA74F5-6AF8-4C67-AC79-3E648ECBEA68}.Debug|x64.ActiveCfg = Debug|Any CPU
		{24CA74F5-6AF8-4C67-AC79-3E648ECBEA68}.Debug|x64.Build.0 = Debug|Any CPU
		{24CA74F5-6AF8-4C67-AC79-3E648ECBEA68}.Debug|x86.ActiveCfg = Debug|Any CPU
		{24CA74F5-6AF8-4C67-AC79-3E648ECBEA68}.Debug|x86.Build.0 = Debug|Any CPU
		{24CA74F5-6AF8-4C67-AC79-3E648ECBEA68}.Release|Any CPU.ActiveCfg = Release|Any CPU
		{24CA74F5-6AF8-4C67-AC79-3E648ECBEA68}.Release|Any CPU.Build.0 = Release|Any CPU
		{24CA74F5-6AF8-4C67-AC79-3E648ECBEA68}.Release|ARM.ActiveCfg = Release|Any CPU
		{24CA74F5-6AF8-4C67-AC79-3E648ECBEA68}.Release|ARM.Build.0 = Release|Any CPU
		{24CA74F5-6AF8-4C67-AC79-3E648ECBEA68}.Release|x64.ActiveCfg = Release|Any CPU
		{24CA74F5-6AF8-4C67-AC79-3E648ECBEA68}.Release|x64.Build.0 = Release|Any CPU
		{24CA74F5-6AF8-4C67-AC79-3E648ECBEA68}.Release|x86.ActiveCfg = Release|Any CPU
		{24CA74F5-6AF8-4C67-AC79-3E648ECBEA68}.Release|x86.Build.0 = Release|Any CPU
		{83FF9ECF-5644-454F-889B-871751F3C442}.Debug|Any CPU.ActiveCfg = Debug|Any CPU
		{83FF9ECF-5644-454F-889B-871751F3C442}.Debug|Any CPU.Build.0 = Debug|Any CPU
		{83FF9ECF-5644-454F-889B-871751F3C442}.Debug|ARM.ActiveCfg = Debug|Any CPU
		{83FF9ECF-5644-454F-889B-871751F3C442}.Debug|ARM.Build.0 = Debug|Any CPU
		{83FF9ECF-5644-454F-889B-871751F3C442}.Debug|x64.ActiveCfg = Debug|Any CPU
		{83FF9ECF-5644-454F-889B-871751F3C442}.Debug|x64.Build.0 = Debug|Any CPU
		{83FF9ECF-5644-454F-889B-871751F3C442}.Debug|x86.ActiveCfg = Debug|Any CPU
		{83FF9ECF-5644-454F-889B-871751F3C442}.Debug|x86.Build.0 = Debug|Any CPU
		{83FF9ECF-5644-454F-889B-871751F3C442}.Release|Any CPU.ActiveCfg = Release|Any CPU
		{83FF9ECF-5644-454F-889B-871751F3C442}.Release|Any CPU.Build.0 = Release|Any CPU
		{83FF9ECF-5644-454F-889B-871751F3C442}.Release|ARM.ActiveCfg = Release|Any CPU
		{83FF9ECF-5644-454F-889B-871751F3C442}.Release|ARM.Build.0 = Release|Any CPU
		{83FF9ECF-5644-454F-889B-871751F3C442}.Release|x64.ActiveCfg = Release|Any CPU
		{83FF9ECF-5644-454F-889B-871751F3C442}.Release|x64.Build.0 = Release|Any CPU
		{83FF9ECF-5644-454F-889B-871751F3C442}.Release|x86.ActiveCfg = Release|Any CPU
		{83FF9ECF-5644-454F-889B-871751F3C442}.Release|x86.Build.0 = Release|Any CPU
		{C8679547-956F-476B-8AB7-3D96074A1471}.Debug|Any CPU.ActiveCfg = Debug|Any CPU
		{C8679547-956F-476B-8AB7-3D96074A1471}.Debug|Any CPU.Build.0 = Debug|Any CPU
		{C8679547-956F-476B-8AB7-3D96074A1471}.Debug|ARM.ActiveCfg = Debug|Any CPU
		{C8679547-956F-476B-8AB7-3D96074A1471}.Debug|ARM.Build.0 = Debug|Any CPU
		{C8679547-956F-476B-8AB7-3D96074A1471}.Debug|x64.ActiveCfg = Debug|Any CPU
		{C8679547-956F-476B-8AB7-3D96074A1471}.Debug|x64.Build.0 = Debug|Any CPU
		{C8679547-956F-476B-8AB7-3D96074A1471}.Debug|x86.ActiveCfg = Debug|Any CPU
		{C8679547-956F-476B-8AB7-3D96074A1471}.Debug|x86.Build.0 = Debug|Any CPU
		{C8679547-956F-476B-8AB7-3D96074A1471}.Release|Any CPU.ActiveCfg = Release|Any CPU
		{C8679547-956F-476B-8AB7-3D96074A1471}.Release|Any CPU.Build.0 = Release|Any CPU
		{C8679547-956F-476B-8AB7-3D96074A1471}.Release|ARM.ActiveCfg = Release|Any CPU
		{C8679547-956F-476B-8AB7-3D96074A1471}.Release|ARM.Build.0 = Release|Any CPU
		{C8679547-956F-476B-8AB7-3D96074A1471}.Release|x64.ActiveCfg = Release|Any CPU
		{C8679547-956F-476B-8AB7-3D96074A1471}.Release|x64.Build.0 = Release|Any CPU
		{C8679547-956F-476B-8AB7-3D96074A1471}.Release|x86.ActiveCfg = Release|Any CPU
		{C8679547-956F-476B-8AB7-3D96074A1471}.Release|x86.Build.0 = Release|Any CPU
		{4639E290-9675-4D24-A7B0-D85A1F46065C}.Debug|Any CPU.ActiveCfg = Debug|Any CPU
		{4639E290-9675-4D24-A7B0-D85A1F46065C}.Debug|Any CPU.Build.0 = Debug|Any CPU
		{4639E290-9675-4D24-A7B0-D85A1F46065C}.Debug|ARM.ActiveCfg = Debug|Any CPU
		{4639E290-9675-4D24-A7B0-D85A1F46065C}.Debug|ARM.Build.0 = Debug|Any CPU
		{4639E290-9675-4D24-A7B0-D85A1F46065C}.Debug|x64.ActiveCfg = Debug|Any CPU
		{4639E290-9675-4D24-A7B0-D85A1F46065C}.Debug|x64.Build.0 = Debug|Any CPU
		{4639E290-9675-4D24-A7B0-D85A1F46065C}.Debug|x86.ActiveCfg = Debug|Any CPU
		{4639E290-9675-4D24-A7B0-D85A1F46065C}.Debug|x86.Build.0 = Debug|Any CPU
		{4639E290-9675-4D24-A7B0-D85A1F46065C}.Release|Any CPU.ActiveCfg = Release|Any CPU
		{4639E290-9675-4D24-A7B0-D85A1F46065C}.Release|Any CPU.Build.0 = Release|Any CPU
		{4639E290-9675-4D24-A7B0-D85A1F46065C}.Release|ARM.ActiveCfg = Release|Any CPU
		{4639E290-9675-4D24-A7B0-D85A1F46065C}.Release|ARM.Build.0 = Release|Any CPU
		{4639E290-9675-4D24-A7B0-D85A1F46065C}.Release|x64.ActiveCfg = Release|Any CPU
		{4639E290-9675-4D24-A7B0-D85A1F46065C}.Release|x64.Build.0 = Release|Any CPU
		{4639E290-9675-4D24-A7B0-D85A1F46065C}.Release|x86.ActiveCfg = Release|Any CPU
		{4639E290-9675-4D24-A7B0-D85A1F46065C}.Release|x86.Build.0 = Release|Any CPU
		{777BB6FE-494A-4295-9B7A-7AE3CDECCBE3}.Debug|Any CPU.ActiveCfg = Debug|Any CPU
		{777BB6FE-494A-4295-9B7A-7AE3CDECCBE3}.Debug|Any CPU.Build.0 = Debug|Any CPU
		{777BB6FE-494A-4295-9B7A-7AE3CDECCBE3}.Debug|ARM.ActiveCfg = Debug|Any CPU
		{777BB6FE-494A-4295-9B7A-7AE3CDECCBE3}.Debug|ARM.Build.0 = Debug|Any CPU
		{777BB6FE-494A-4295-9B7A-7AE3CDECCBE3}.Debug|x64.ActiveCfg = Debug|Any CPU
		{777BB6FE-494A-4295-9B7A-7AE3CDECCBE3}.Debug|x64.Build.0 = Debug|Any CPU
		{777BB6FE-494A-4295-9B7A-7AE3CDECCBE3}.Debug|x86.ActiveCfg = Debug|Any CPU
		{777BB6FE-494A-4295-9B7A-7AE3CDECCBE3}.Debug|x86.Build.0 = Debug|Any CPU
		{777BB6FE-494A-4295-9B7A-7AE3CDECCBE3}.Release|Any CPU.ActiveCfg = Release|Any CPU
		{777BB6FE-494A-4295-9B7A-7AE3CDECCBE3}.Release|Any CPU.Build.0 = Release|Any CPU
		{777BB6FE-494A-4295-9B7A-7AE3CDECCBE3}.Release|ARM.ActiveCfg = Release|Any CPU
		{777BB6FE-494A-4295-9B7A-7AE3CDECCBE3}.Release|ARM.Build.0 = Release|Any CPU
		{777BB6FE-494A-4295-9B7A-7AE3CDECCBE3}.Release|x64.ActiveCfg = Release|Any CPU
		{777BB6FE-494A-4295-9B7A-7AE3CDECCBE3}.Release|x64.Build.0 = Release|Any CPU
		{777BB6FE-494A-4295-9B7A-7AE3CDECCBE3}.Release|x86.ActiveCfg = Release|Any CPU
		{777BB6FE-494A-4295-9B7A-7AE3CDECCBE3}.Release|x86.Build.0 = Release|Any CPU
		{F717AF71-DB75-405B-A705-EBC830BD99AF}.Debug|Any CPU.ActiveCfg = Debug|Any CPU
		{F717AF71-DB75-405B-A705-EBC830BD99AF}.Debug|Any CPU.Build.0 = Debug|Any CPU
		{F717AF71-DB75-405B-A705-EBC830BD99AF}.Debug|ARM.ActiveCfg = Debug|Any CPU
		{F717AF71-DB75-405B-A705-EBC830BD99AF}.Debug|ARM.Build.0 = Debug|Any CPU
		{F717AF71-DB75-405B-A705-EBC830BD99AF}.Debug|x64.ActiveCfg = Debug|Any CPU
		{F717AF71-DB75-405B-A705-EBC830BD99AF}.Debug|x64.Build.0 = Debug|Any CPU
		{F717AF71-DB75-405B-A705-EBC830BD99AF}.Debug|x86.ActiveCfg = Debug|Any CPU
		{F717AF71-DB75-405B-A705-EBC830BD99AF}.Debug|x86.Build.0 = Debug|Any CPU
		{F717AF71-DB75-405B-A705-EBC830BD99AF}.Release|Any CPU.ActiveCfg = Release|Any CPU
		{F717AF71-DB75-405B-A705-EBC830BD99AF}.Release|Any CPU.Build.0 = Release|Any CPU
		{F717AF71-DB75-405B-A705-EBC830BD99AF}.Release|ARM.ActiveCfg = Release|Any CPU
		{F717AF71-DB75-405B-A705-EBC830BD99AF}.Release|ARM.Build.0 = Release|Any CPU
		{F717AF71-DB75-405B-A705-EBC830BD99AF}.Release|x64.ActiveCfg = Release|Any CPU
		{F717AF71-DB75-405B-A705-EBC830BD99AF}.Release|x64.Build.0 = Release|Any CPU
		{F717AF71-DB75-405B-A705-EBC830BD99AF}.Release|x86.ActiveCfg = Release|Any CPU
		{F717AF71-DB75-405B-A705-EBC830BD99AF}.Release|x86.Build.0 = Release|Any CPU
		{EDF5B45E-AA5C-4EAE-A0BC-0D416375470A}.Debug|Any CPU.ActiveCfg = Debug|Any CPU
		{EDF5B45E-AA5C-4EAE-A0BC-0D416375470A}.Debug|Any CPU.Build.0 = Debug|Any CPU
		{EDF5B45E-AA5C-4EAE-A0BC-0D416375470A}.Debug|ARM.ActiveCfg = Debug|Any CPU
		{EDF5B45E-AA5C-4EAE-A0BC-0D416375470A}.Debug|ARM.Build.0 = Debug|Any CPU
		{EDF5B45E-AA5C-4EAE-A0BC-0D416375470A}.Debug|x64.ActiveCfg = Debug|Any CPU
		{EDF5B45E-AA5C-4EAE-A0BC-0D416375470A}.Debug|x64.Build.0 = Debug|Any CPU
		{EDF5B45E-AA5C-4EAE-A0BC-0D416375470A}.Debug|x86.ActiveCfg = Debug|Any CPU
		{EDF5B45E-AA5C-4EAE-A0BC-0D416375470A}.Debug|x86.Build.0 = Debug|Any CPU
		{EDF5B45E-AA5C-4EAE-A0BC-0D416375470A}.Release|Any CPU.ActiveCfg = Release|Any CPU
		{EDF5B45E-AA5C-4EAE-A0BC-0D416375470A}.Release|Any CPU.Build.0 = Release|Any CPU
		{EDF5B45E-AA5C-4EAE-A0BC-0D416375470A}.Release|ARM.ActiveCfg = Release|Any CPU
		{EDF5B45E-AA5C-4EAE-A0BC-0D416375470A}.Release|ARM.Build.0 = Release|Any CPU
		{EDF5B45E-AA5C-4EAE-A0BC-0D416375470A}.Release|x64.ActiveCfg = Release|Any CPU
		{EDF5B45E-AA5C-4EAE-A0BC-0D416375470A}.Release|x64.Build.0 = Release|Any CPU
		{EDF5B45E-AA5C-4EAE-A0BC-0D416375470A}.Release|x86.ActiveCfg = Release|Any CPU
		{EDF5B45E-AA5C-4EAE-A0BC-0D416375470A}.Release|x86.Build.0 = Release|Any CPU
		{35E6EAF8-A666-46F5-B993-92FBDEE0C9C4}.Debug|Any CPU.ActiveCfg = Debug|Any CPU
		{35E6EAF8-A666-46F5-B993-92FBDEE0C9C4}.Debug|Any CPU.Build.0 = Debug|Any CPU
		{35E6EAF8-A666-46F5-B993-92FBDEE0C9C4}.Debug|ARM.ActiveCfg = Debug|Any CPU
		{35E6EAF8-A666-46F5-B993-92FBDEE0C9C4}.Debug|ARM.Build.0 = Debug|Any CPU
		{35E6EAF8-A666-46F5-B993-92FBDEE0C9C4}.Debug|x64.ActiveCfg = Debug|Any CPU
		{35E6EAF8-A666-46F5-B993-92FBDEE0C9C4}.Debug|x64.Build.0 = Debug|Any CPU
		{35E6EAF8-A666-46F5-B993-92FBDEE0C9C4}.Debug|x86.ActiveCfg = Debug|Any CPU
		{35E6EAF8-A666-46F5-B993-92FBDEE0C9C4}.Debug|x86.Build.0 = Debug|Any CPU
		{35E6EAF8-A666-46F5-B993-92FBDEE0C9C4}.Release|Any CPU.ActiveCfg = Release|Any CPU
		{35E6EAF8-A666-46F5-B993-92FBDEE0C9C4}.Release|Any CPU.Build.0 = Release|Any CPU
		{35E6EAF8-A666-46F5-B993-92FBDEE0C9C4}.Release|ARM.ActiveCfg = Release|Any CPU
		{35E6EAF8-A666-46F5-B993-92FBDEE0C9C4}.Release|ARM.Build.0 = Release|Any CPU
		{35E6EAF8-A666-46F5-B993-92FBDEE0C9C4}.Release|x64.ActiveCfg = Release|Any CPU
		{35E6EAF8-A666-46F5-B993-92FBDEE0C9C4}.Release|x64.Build.0 = Release|Any CPU
		{35E6EAF8-A666-46F5-B993-92FBDEE0C9C4}.Release|x86.ActiveCfg = Release|Any CPU
		{35E6EAF8-A666-46F5-B993-92FBDEE0C9C4}.Release|x86.Build.0 = Release|Any CPU
		{1C42F861-1181-4409-A88C-F05B599F6BE5}.Debug|Any CPU.ActiveCfg = Debug|Any CPU
		{1C42F861-1181-4409-A88C-F05B599F6BE5}.Debug|Any CPU.Build.0 = Debug|Any CPU
		{1C42F861-1181-4409-A88C-F05B599F6BE5}.Debug|ARM.ActiveCfg = Debug|Any CPU
		{1C42F861-1181-4409-A88C-F05B599F6BE5}.Debug|ARM.Build.0 = Debug|Any CPU
		{1C42F861-1181-4409-A88C-F05B599F6BE5}.Debug|x64.ActiveCfg = Debug|Any CPU
		{1C42F861-1181-4409-A88C-F05B599F6BE5}.Debug|x64.Build.0 = Debug|Any CPU
		{1C42F861-1181-4409-A88C-F05B599F6BE5}.Debug|x86.ActiveCfg = Debug|Any CPU
		{1C42F861-1181-4409-A88C-F05B599F6BE5}.Debug|x86.Build.0 = Debug|Any CPU
		{1C42F861-1181-4409-A88C-F05B599F6BE5}.Release|Any CPU.ActiveCfg = Release|Any CPU
		{1C42F861-1181-4409-A88C-F05B599F6BE5}.Release|Any CPU.Build.0 = Release|Any CPU
		{1C42F861-1181-4409-A88C-F05B599F6BE5}.Release|ARM.ActiveCfg = Release|Any CPU
		{1C42F861-1181-4409-A88C-F05B599F6BE5}.Release|ARM.Build.0 = Release|Any CPU
		{1C42F861-1181-4409-A88C-F05B599F6BE5}.Release|x64.ActiveCfg = Release|Any CPU
		{1C42F861-1181-4409-A88C-F05B599F6BE5}.Release|x64.Build.0 = Release|Any CPU
		{1C42F861-1181-4409-A88C-F05B599F6BE5}.Release|x86.ActiveCfg = Release|Any CPU
		{1C42F861-1181-4409-A88C-F05B599F6BE5}.Release|x86.Build.0 = Release|Any CPU
		{7D018F00-8836-4FFE-BBFB-A2C83A2817E3}.Debug|Any CPU.ActiveCfg = Debug|Any CPU
		{7D018F00-8836-4FFE-BBFB-A2C83A2817E3}.Debug|Any CPU.Build.0 = Debug|Any CPU
		{7D018F00-8836-4FFE-BBFB-A2C83A2817E3}.Debug|ARM.ActiveCfg = Debug|Any CPU
		{7D018F00-8836-4FFE-BBFB-A2C83A2817E3}.Debug|ARM.Build.0 = Debug|Any CPU
		{7D018F00-8836-4FFE-BBFB-A2C83A2817E3}.Debug|x64.ActiveCfg = Debug|Any CPU
		{7D018F00-8836-4FFE-BBFB-A2C83A2817E3}.Debug|x64.Build.0 = Debug|Any CPU
		{7D018F00-8836-4FFE-BBFB-A2C83A2817E3}.Debug|x86.ActiveCfg = Debug|Any CPU
		{7D018F00-8836-4FFE-BBFB-A2C83A2817E3}.Debug|x86.Build.0 = Debug|Any CPU
		{7D018F00-8836-4FFE-BBFB-A2C83A2817E3}.Release|Any CPU.ActiveCfg = Release|Any CPU
		{7D018F00-8836-4FFE-BBFB-A2C83A2817E3}.Release|Any CPU.Build.0 = Release|Any CPU
		{7D018F00-8836-4FFE-BBFB-A2C83A2817E3}.Release|ARM.ActiveCfg = Release|Any CPU
		{7D018F00-8836-4FFE-BBFB-A2C83A2817E3}.Release|ARM.Build.0 = Release|Any CPU
		{7D018F00-8836-4FFE-BBFB-A2C83A2817E3}.Release|x64.ActiveCfg = Release|Any CPU
		{7D018F00-8836-4FFE-BBFB-A2C83A2817E3}.Release|x64.Build.0 = Release|Any CPU
		{7D018F00-8836-4FFE-BBFB-A2C83A2817E3}.Release|x86.ActiveCfg = Release|Any CPU
		{7D018F00-8836-4FFE-BBFB-A2C83A2817E3}.Release|x86.Build.0 = Release|Any CPU
	EndGlobalSection
	GlobalSection(SolutionProperties) = preSolution
		HideSolutionNode = FALSE
	EndGlobalSection
	GlobalSection(ExtensibilityGlobals) = postSolution
		SolutionGuid = {848C89BA-877E-496B-AE2F-359CAA316F5D}
	EndGlobalSection
EndGlobal
